# This file is autogenerated, do not edit; changes may be undone by the next 'dep ensure'.


[[projects]]
  digest = "1:e4b30804a381d7603b8a344009987c1ba351c26043501b23b8c7ce21f0b67474"
  name = "github.com/BurntSushi/toml"
  packages = ["."]
  pruneopts = ""
  revision = "3012a1dbe2e4bd1391d42b32f0577cb7bbc7f005"
  version = "v0.3.1"

[[projects]]
  digest = "1:a76496d5e3d2144d9f3b1f7a54e1cfcf9be07f0b0466452c690958dc5feb4b86"
  name = "github.com/Microsoft/go-winio"
  packages = [
    ".",
    "archive/tar",
    "backuptar",
  ]
  pruneopts = ""
  revision = "1a8911d1ed007260465c3bfbbc785ac6915a0bb8"
  version = "v0.4.12"

[[projects]]
  digest = "1:7885bff1534c0037c6cc556e4c6bc2e705093afacf1b86fd0d9eb9decdfcafa1"
  name = "github.com/Microsoft/hcsshim"
  packages = [
    ".",
    "internal/guestrequest",
    "internal/guid",
    "internal/hcs",
    "internal/hcserror",
    "internal/hns",
    "internal/interop",
    "internal/logfields",
    "internal/longpath",
    "internal/mergemaps",
    "internal/safefile",
    "internal/schema1",
    "internal/schema2",
    "internal/timeout",
    "internal/wclayer",
  ]
  pruneopts = ""
  revision = "f92b8fb9c92e17da496af5a69e3ee13fbe9916e1"
  version = "v0.8.6"

[[projects]]
  branch = "master"
  digest = "1:c0dd4218fe674dafa3951d43cc0eea289ca93ac3aaaac583f7c0e1fde4e606d5"
  name = "github.com/andybalholm/brotli"
  packages = ["."]
  pruneopts = ""
  revision = "ed0fd649404dcdcdae403d0e62b555889ee4e6b9"

[[projects]]
  digest = "1:5cd3c3d202b439040a051b6fa21f538af6469c94f9758dfb4f97a24ceb144149"
  name = "github.com/aws/aws-sdk-go"
  packages = [
    "aws",
    "aws/awserr",
    "aws/awsutil",
    "aws/client",
    "aws/client/metadata",
    "aws/corehandlers",
    "aws/credentials",
    "aws/credentials/ec2rolecreds",
    "aws/credentials/endpointcreds",
    "aws/credentials/processcreds",
    "aws/credentials/stscreds",
    "aws/csm",
    "aws/defaults",
    "aws/ec2metadata",
    "aws/endpoints",
    "aws/request",
    "aws/session",
    "aws/signer/v4",
    "internal/ini",
    "internal/sdkio",
    "internal/sdkmath",
    "internal/sdkrand",
    "internal/sdkuri",
    "internal/shareddefaults",
    "private/protocol",
    "private/protocol/json/jsonutil",
    "private/protocol/jsonrpc",
    "private/protocol/query",
    "private/protocol/query/queryutil",
    "private/protocol/rest",
    "private/protocol/restjson",
    "private/protocol/xml/xmlutil",
    "service/lambda",
    "service/lambda/lambdaiface",
    "service/sts",
    "service/sts/stsiface",
  ]
  pruneopts = ""
  revision = "2f232d11486e77d344da0723340b566d3ff7865a"
  version = "v1.25.24"

[[projects]]
  digest = "1:0d3deb8a6da8ffba5635d6fb1d2144662200def6c9d82a35a6d05d6c2d4a48f9"
  name = "github.com/beorn7/perks"
  packages = ["quantile"]
  pruneopts = ""
  revision = "4b2b341e8d7715fae06375aa633dbb6e91b3fb46"
  version = "v1.0.0"

[[projects]]
  branch = "master"
  digest = "1:dc74e60acd910c1284c1b58c9838526368e913606818b93f799b458f580fa67a"
  name = "github.com/containerd/continuity"
  packages = ["pathdriver"]
  pruneopts = ""
  revision = "aaeac12a7ffcd198ae25440a9dff125c2e2703a7"

[[projects]]
  digest = "1:ee43224021ecd48b11f70816788e437337a6fb92783c56803114f57401794229"
  name = "github.com/containers/image"
  packages = [
    "directory",
    "directory/explicitfilepath",
    "docker",
    "docker/archive",
    "docker/daemon",
    "docker/policyconfiguration",
    "docker/reference",
    "docker/tarfile",
    "image",
    "internal/pkg/keyctl",
    "internal/tmpdir",
    "manifest",
    "oci/archive",
    "oci/internal",
    "oci/layout",
    "openshift",
    "ostree",
    "pkg/blobinfocache",
    "pkg/blobinfocache/boltdb",
    "pkg/blobinfocache/internal/prioritize",
    "pkg/blobinfocache/memory",
    "pkg/blobinfocache/none",
    "pkg/compression",
    "pkg/compression/internal",
    "pkg/compression/types",
    "pkg/docker/config",
    "pkg/strslice",
    "pkg/sysregistriesv2",
    "pkg/tlsclientconfig",
    "storage",
    "tarball",
    "transports",
    "transports/alltransports",
    "types",
    "version",
  ]
  pruneopts = ""
  revision = "b49a0b7eac5a602f669dd0f4243985ef7e48033c"
  version = "v4.0.0"

[[projects]]
  branch = "master"
  digest = "1:281c78b2e429f0a3c269f15b55a72d8f97ce8d1a8f83332563b620c40285760d"
  name = "github.com/containers/libtrust"
  packages = ["."]
  pruneopts = ""
  revision = "14b96171aa3b7be82ffc4aef3b6942125120ebd4"

[[projects]]
  digest = "1:a00e0960329fd3f8d34899a8bf2cad70ed634949a4da6225ce0f0f5511e47f31"
  name = "github.com/containers/storage"
  packages = [
    ".",
    "drivers",
    "drivers/aufs",
    "drivers/btrfs",
    "drivers/copy",
    "drivers/devmapper",
    "drivers/overlay",
    "drivers/overlayutils",
    "drivers/quota",
    "drivers/register",
    "drivers/vfs",
    "drivers/windows",
    "drivers/zfs",
    "pkg/archive",
    "pkg/chrootarchive",
    "pkg/config",
    "pkg/devicemapper",
    "pkg/directory",
    "pkg/dmesg",
    "pkg/fileutils",
    "pkg/fsutils",
    "pkg/idtools",
    "pkg/ioutils",
    "pkg/locker",
    "pkg/longpath",
    "pkg/loopback",
    "pkg/mount",
    "pkg/ostree",
    "pkg/parsers",
    "pkg/parsers/kernel",
    "pkg/pools",
    "pkg/promise",
    "pkg/reexec",
    "pkg/stringid",
    "pkg/stringutils",
    "pkg/system",
    "pkg/truncindex",
  ]
  pruneopts = ""
  revision = "ceb7180b6a46320f44cde80f1bb91bfde651848d"
  version = "v1.12.10"

[[projects]]
  digest = "1:141635a36d65611d06a05ec1d17be950e386426b6540169fe7c9476df41f6493"
  name = "github.com/cpuguy83/go-md2man"
  packages = ["md2man"]
  pruneopts = ""
  revision = "7762f7e404f8416dfa1d9bb6a8c192aa9acb4d19"
  version = "v1.0.10"

[[projects]]
  digest = "1:0deddd908b6b4b768cfc272c16ee61e7088a60f7fe2f06c547bd3d8e1f8b8e77"
  name = "github.com/davecgh/go-spew"
  packages = ["spew"]
  pruneopts = ""
  revision = "8991bc29aa16c548c550c7ff78260e27b9ab7c73"
  version = "v1.1.1"

[[projects]]
  digest = "1:c05f1899f086e3b4613d94d9e6f7ba6f4b6587498a1aa6037c5c294b22f5a743"
  name = "github.com/docker/distribution"
  packages = [
    ".",
    "digestset",
    "metrics",
    "reference",
    "registry/api/errcode",
    "registry/api/v2",
    "registry/client",
    "registry/client/auth/challenge",
    "registry/client/transport",
    "registry/storage/cache",
    "registry/storage/cache/memory",
  ]
  pruneopts = ""
  revision = "2461543d988979529609e8cb6fca9ca190dc48da"
  version = "v2.7.1"

[[projects]]
  digest = "1:9e4d02bf03e0510cbc7985590ee9ba74b75b8bc016cc6f004e4cb213f943d7e9"
  name = "github.com/docker/docker"
  packages = [
    "api",
    "api/types",
    "api/types/blkiodev",
    "api/types/container",
    "api/types/events",
    "api/types/filters",
    "api/types/image",
    "api/types/mount",
    "api/types/network",
    "api/types/registry",
    "api/types/strslice",
    "api/types/swarm",
    "api/types/swarm/runtime",
    "api/types/time",
    "api/types/versions",
    "api/types/volume",
    "client",
    "errdefs",
    "pkg/homedir",
    "pkg/idtools",
    "pkg/mount",
    "pkg/system",
  ]
  pruneopts = ""
  revision = "6e3113f700dea1bf2785d94731b4b5a1e602d9ab"

[[projects]]
  digest = "1:657c3496c70899d0804e660064ffa5a3134153d42239d6e4c5085608e24bd97e"
  name = "github.com/docker/docker-credential-helpers"
  packages = [
    "client",
    "credentials",
  ]
  pruneopts = ""
  revision = "8a9f93a99ff87f416cc79f267c68151af0026f60"
  version = "v0.6.2"

[[projects]]
  digest = "1:ebe593d8b65a2947b78b6e164a2dac1a230b977a700b694da3a398b03b7afb04"
  name = "github.com/docker/go-connections"
  packages = [
    "nat",
    "sockets",
    "tlsconfig",
  ]
  pruneopts = ""
  revision = "7395e3f8aa162843a74ed6d48e79627d9792ac55"
  version = "v0.4.0"

[[projects]]
  branch = "master"
  digest = "1:2b126e77be4ab4b92cdb3924c87894dd76bf365ba282f358a13133e848aa0059"
  name = "github.com/docker/go-metrics"
  packages = ["."]
  pruneopts = ""
  revision = "b84716841b82eab644a0c64fc8b42d480e49add5"

[[projects]]
  digest = "1:a8212495120c94f629a8cf5c9760c4017390e24ab8a049cf566dbd3f5627d6cb"
  name = "github.com/docker/go-units"
  packages = ["."]
  pruneopts = ""
  revision = "519db1ee28dcc9fd2474ae59fca29a810482bfb1"
  version = "v0.4.0"

[[projects]]
  digest = "1:ba9a3ee3359edeeec2c6c1ddb6976db4b7ca6ad045e73b43471e32f01b5786e4"
  name = "github.com/dsnet/compress"
  packages = [
    ".",
    "bzip2",
    "bzip2/internal/sais",
    "internal",
    "internal/errors",
    "internal/prefix",
  ]
  pruneopts = ""
  revision = "da652975a8eea9fa0735aba8056747a751db0bd3"
  version = "v0.0.1"

[[projects]]
  digest = "1:a434b4f8c58b32c879170ef48dd400c3cc9c7b6c56a2d2118b93a4575e889319"
  name = "github.com/etcd-io/bbolt"
  packages = ["."]
  pruneopts = ""
  revision = "a0458a2b35708eef59eb5f620ceb3cd1c01a824d"
  version = "v1.3.3"

[[projects]]
  digest = "1:b13707423743d41665fd23f0c36b2f37bb49c30e94adb813319c44188a51ba22"
  name = "github.com/ghodss/yaml"
  packages = ["."]
  pruneopts = ""
  revision = "0ca9ea5df5451ffdf184b4428c902747c2c11cd7"
  version = "v1.0.0"

[[projects]]
  digest = "1:fd53b471edb4c28c7d297f617f4da0d33402755f58d6301e7ca1197ef0a90937"
  name = "github.com/gogo/protobuf"
  packages = ["proto"]
  pruneopts = ""
  revision = "ba06b47c162d49f2af050fb4c75bcbc86a159d5c"
  version = "v1.2.1"

[[projects]]
  branch = "master"
  digest = "1:eb44563fc05ae0fd3cf7db971a5bc2150c26c9528bf96cb8107a5117d8c1fb0f"
  name = "github.com/golang/gddo"
  packages = [
    "httputil",
    "httputil/header",
  ]
  pruneopts = ""
  revision = "287de01127eff824e82d565b37fdaa1118da5a4d"

[[projects]]
  digest = "1:68c64bb61d55dcd17c82ca0b871ddddb5ae18b30cfe26f6bfd4b6df6287dc2e0"
  name = "github.com/golang/mock"
  packages = ["gomock"]
  pruneopts = ""
  revision = "9fa652df1129bef0e734c9cf9bf6dbae9ef3b9fa"
  version = "1.3.1"

[[projects]]
  digest = "1:529d738b7976c3848cae5cf3a8036440166835e389c1f617af701eeb12a0518d"
  name = "github.com/golang/protobuf"
  packages = ["proto"]
  pruneopts = ""
  revision = "b5d812f8a3706043e23a9cd5babf2e5423744d30"
  version = "v1.3.1"

[[projects]]
  digest = "1:6a6322a15aa8e99bd156fbba0aae4e5d67b4bb05251d860b348a45dfdcba9cce"
  name = "github.com/golang/snappy"
  packages = ["."]
  pruneopts = ""
  revision = "2a8bb927dd31d8daada140a5d09578521ce5c36a"
  version = "v0.0.1"

[[projects]]
  digest = "1:ec5262e6c65f9fcedc01d7789ee4e18ad429dde822cfd50e57e3fd77c4d70c73"
  name = "github.com/gorilla/mux"
  packages = ["."]
  pruneopts = ""
  revision = "ed099d42384823742bba0bf9a72b53b55c9e2e38"
  version = "v1.7.2"

[[projects]]
  digest = "1:31bfd110d31505e9ffbc9478e31773bf05bf02adcaeb9b139af42684f9294c13"
  name = "github.com/imdario/mergo"
  packages = ["."]
  pruneopts = ""
  revision = "7c29201646fa3de8506f701213473dd407f19646"
  version = "v0.3.7"

[[projects]]
  digest = "1:13fe471d0ed891e8544eddfeeb0471fd3c9f2015609a1c000aefdedf52a19d40"
  name = "github.com/jmespath/go-jmespath"
  packages = ["."]
  pruneopts = ""
  revision = "c2b33e84"

[[projects]]
  digest = "1:b295266acc20731c453567afd744cfc4d2377c98e58b3c81f206bcb348324cf3"
  name = "github.com/klauspost/compress"
  packages = [
    "flate",
    "fse",
    "huff0",
    "snappy",
    "zstd",
    "zstd/internal/xxhash",
  ]
  pruneopts = ""
  revision = "7a873649b01a9669308e8d58b6bcbbccc0b06b5d"
  version = "v1.7.1"

[[projects]]
  digest = "1:cb39bebc72505b4120988fb9e258ecffba4ed679dc04794d517198887160df80"
  name = "github.com/klauspost/cpuid"
  packages = ["."]
  pruneopts = ""
  revision = "05a8198c0f5a27739aec358908d7e12c64ce6eb7"
  version = "v1.2.1"

[[projects]]
  digest = "1:0a36eb96ea34a66384e17bf1927f42ffa5856ffcae35561ff7936f968c43776a"
  name = "github.com/klauspost/pgzip"
  packages = ["."]
  pruneopts = ""
  revision = "083b1c3f84dd6486588802e5ce295de3a7f41a8b"
  version = "v1.2.1"

[[projects]]
  digest = "1:0f51cee70b0d254dbc93c22666ea2abf211af81c1701a96d04e2284b408621db"
  name = "github.com/konsorten/go-windows-terminal-sequences"
  packages = ["."]
  pruneopts = ""
  revision = "f55edac94c9bbba5d6182a4be46d86a2c9b5b50e"
  version = "v1.0.2"

[[projects]]
  digest = "1:0093a7c66d5b9e0cdaf4be5c20e0a9b889d1d839148eeed1d587e99b4cfd90ff"
  name = "github.com/mattn/go-shellwords"
  packages = ["."]
  pruneopts = ""
  revision = "a72fbe27a1b0ed0df2f02754945044ce1456608b"
  version = "v1.0.5"

[[projects]]
  digest = "1:c186d98ef4526297afabdf84bb02076ea2c78e3b52e88ebdac58325f4f923b8b"
  name = "github.com/mattn/go-zglob"
  packages = [
    ".",
    "fastwalk",
  ]
  pruneopts = ""
  revision = "2ea3427bfa539cca900ca2768d8663ecc8a708c1"
  version = "v0.0.1"

[[projects]]
  digest = "1:63722a4b1e1717be7b98fc686e0b30d5e7f734b9e93d7dee86293b6deab7ea28"
  name = "github.com/matttproud/golang_protobuf_extensions"
  packages = ["pbutil"]
  pruneopts = ""
  revision = "c12348ce28de40eed0136aa2b644d0ee0650e56c"
  version = "v1.0.1"

[[projects]]
  digest = "1:d0612e2ce73b9236d3986923e0d474f276d8c57183047752c48894750e7be125"
  name = "github.com/mholt/archiver"
  packages = ["."]
  pruneopts = ""
  revision = "3bd45bda8a6db94a901d9f39983d3b2298438e43"
  version = "v3.3.0"

[[projects]]
  digest = "1:6510fdfb0657dd8a5c6ea3b877650d42b536173ae0a804faf59bf779b644db7e"
  name = "github.com/mistifyio/go-zfs"
  packages = ["."]
  pruneopts = ""
  revision = "cdc0f941c4d0e0e94d85348285568d921891e138"
  version = "v2.1.1"

[[projects]]
  digest = "1:b93a939355dc613ca1c23bf39f6d4c207da431a31dd8af001cc334ad24cab9d3"
  name = "github.com/nwaples/rardecode"
  packages = ["."]
  pruneopts = ""
  revision = "cc3e4b2381762c56dbcdf9f93be03349a1dc1c14"
  version = "v1.0.0"

[[projects]]
  digest = "1:5d9b668b0b4581a978f07e7d2e3314af18eb27b3fb5d19b70185b7c575723d11"
  name = "github.com/opencontainers/go-digest"
  packages = ["."]
  pruneopts = ""
  revision = "279bed98673dd5bef374d3b6e4b09e2af76183bf"
  version = "v1.0.0-rc1"

[[projects]]
  digest = "1:8ddd32c0a74ce1480d4af667a84f8bb20a02013d876dd4d1910c17fafa5bf937"
  name = "github.com/opencontainers/image-spec"
  packages = [
    "specs-go",
    "specs-go/v1",
  ]
  pruneopts = ""
  revision = "775207bd45b6cb8153ce218cc59351799217451f"

[[projects]]
  digest = "1:fa19ddee0e5ee5951a6a450a4b6ec635a42957f86bfc87d9d778eeee04ad2036"
  name = "github.com/opencontainers/runc"
  packages = [
    "libcontainer/system",
    "libcontainer/user",
  ]
  pruneopts = ""
  revision = "baf6536d6259209c3edfa2b22237af82942d3dfa"
  version = "v0.1.1"

[[projects]]
  digest = "1:29cb3220047f1dadbf4c304f253a99e5db92e91b77254b75dc25263696826c2d"
  name = "github.com/opencontainers/selinux"
  packages = [
    "go-selinux",
    "go-selinux/label",
  ]
  pruneopts = ""
  revision = "3a1f366feb7aecbf7a0e71ac4cea88b31597de9e"
  version = "v1.2.2"

[[projects]]
  branch = "master"
  digest = "1:2eb9e0dc0dbb46beda406a6b33dbcfd75639ca86599aaafa3dd73115b393dda3"
  name = "github.com/ostreedev/ostree-go"
  packages = [
    "pkg/glibobject",
    "pkg/otbuiltin",
  ]
  pruneopts = ""
  revision = "d0388bd827cfac6fa8eec760246eb8375674b2a0"

[[projects]]
  digest = "1:02e6dc9c030387868a684f7754fd88c98ae9fc04c27f04aedceae998f00b9bbf"
  name = "github.com/pierrec/lz4"
  packages = [
    ".",
    "internal/xxh32",
  ]
  pruneopts = ""
  revision = "d705d4371bfccdf47f10e45584e896026c83616f"
  version = "v2.2.3"

[[projects]]
  digest = "1:1d7e1867c49a6dd9856598ef7c3123604ea3daabf5b83f303ff457bcbc410b1d"
  name = "github.com/pkg/errors"
  packages = ["."]
  pruneopts = ""
  revision = "ba968bfe8b2f7e042a574c888954fccecfa385b4"
  version = "v0.8.1"

[[projects]]
  digest = "1:256484dbbcd271f9ecebc6795b2df8cad4c458dd0f5fd82a8c2fa0c29f233411"
  name = "github.com/pmezard/go-difflib"
  packages = ["difflib"]
  pruneopts = ""
  revision = "792786c7400a136282c1664665ae0a8db921c6c2"
  version = "v1.0.0"

[[projects]]
  branch = "master"
  digest = "1:55d570f392d4097aeeabeaddca95c7f939e33ba25ed14ff0a093c6221c3aaed6"
  name = "github.com/pquerna/ffjson"
  packages = [
    "fflib/v1",
    "fflib/v1/internal",
  ]
  pruneopts = ""
  revision = "e517b90714f7c0eabe6d2e570a5886ae077d6db6"

[[projects]]
  digest = "1:d1c6da923f9044766d87a464bfcce4afe9456da4cca84cfe7a6d714dac57ca95"
  name = "github.com/prometheus/client_golang"
  packages = [
    "prometheus",
    "prometheus/internal",
    "prometheus/promhttp",
  ]
  pruneopts = ""
  revision = "4ab88e80c249ed361d3299e2930427d9ac43ef8d"
  version = "v1.0.0"

[[projects]]
  branch = "master"
  digest = "1:cd67319ee7536399990c4b00fae07c3413035a53193c644549a676091507cadc"
  name = "github.com/prometheus/client_model"
  packages = ["go"]
  pruneopts = ""
  revision = "fd36f4220a901265f90734c3183c5f0c91daa0b8"

[[projects]]
  digest = "1:0f2cee44695a3208fe5d6926076641499c72304e6f015348c9ab2df90a202cdf"
  name = "github.com/prometheus/common"
  packages = [
    "expfmt",
    "internal/bitbucket.org/ww/goautoneg",
    "model",
  ]
  pruneopts = ""
  revision = "31bed53e4047fd6c510e43a941f90cb31be0972a"
  version = "v0.6.0"

[[projects]]
  digest = "1:fea688256dfff79e9a0e24be47c4acf51347fcff52a5dfca7b251932a52c67e0"
  name = "github.com/prometheus/procfs"
  packages = [
    ".",
    "internal/fs",
  ]
  pruneopts = ""
  revision = "833678b5bb319f2d20a475cb165c6cc59c2cc77c"
  version = "v0.0.2"

[[projects]]
  digest = "1:2761e287c811d0948d47d0252b82281eca3801eb3c9d5f9530956643d5b9f430"
  name = "github.com/russross/blackfriday"
  packages = ["."]
  pruneopts = ""
  revision = "05f3235734ad95d0016f6a23902f06461fcf567a"
  version = "v1.5.2"

[[projects]]
  digest = "1:1a405cddcf3368445051fb70ab465ae99da56ad7be8d8ca7fc52159d1c2d873c"
  name = "github.com/sirupsen/logrus"
  packages = ["."]
  pruneopts = ""
  revision = "839c75faf7f98a33d445d181f3018b5c3409a45e"
  version = "v1.4.2"

[[projects]]
  digest = "1:381bcbeb112a51493d9d998bbba207a529c73dbb49b3fd789e48c63fac1f192c"
  name = "github.com/stretchr/testify"
  packages = ["assert"]
  pruneopts = ""
  revision = "ffdc059bfe9ce6a4e144ba849dbedead332c6053"
  version = "v1.3.0"

[[projects]]
  branch = "master"
  digest = "1:19bf29e038c97132efbcb6f6bfe85b8e1631976e127fc0e8103c17d40a2a1489"
  name = "github.com/syndtr/gocapability"
  packages = ["capability"]
  pruneopts = ""
  revision = "d98352740cb2c55f81556b63d4a1ec64c5a319c2"

[[projects]]
  digest = "1:8703f33f6e1c039c3c254f7010008d19e2766b69757d550dae2c2a6e0dd1f6ad"
  name = "github.com/tchap/go-patricia"
  packages = ["patricia"]
  pruneopts = ""
  revision = "a7f0089c6f496e8e70402f61733606daa326cac5"
  version = "v2.3.0"

[[projects]]
  digest = "1:cc4c87dc4fa2a87abd2a0901cbd8c0ca10a4a83929d62947de0ad111ab830e01"
  name = "github.com/ulikunitz/xz"
  packages = [
    ".",
    "internal/hash",
    "internal/xlog",
    "lzma",
  ]
  pruneopts = ""
  revision = "6f934d456d51e742b4eeab20d925a827ef22320a"
  version = "v0.5.6"

[[projects]]
  digest = "1:c6b7dd6b1f602f71a9522d03a65150ace6550839b71c543efa5686d56686c913"
  name = "github.com/urfave/cli"
  packages = ["."]
  pruneopts = ""
  revision = "bfe2e925cfb6d44b40ad3a779165ea7e8aff9212"
  version = "v1.22.0"

[[projects]]
  digest = "1:7e68b696421c5b398bfa121c3ddf08c566040cf61d8bb0c2a41d2b44598389bf"
  name = "github.com/vbatts/tar-split"
  packages = [
    "archive/tar",
    "tar/asm",
    "tar/storage",
  ]
  pruneopts = ""
  revision = "620714a4c508c880ac1bdda9c8370a2b19af1a55"
  version = "v0.11.1"

[[projects]]
  branch = "master"
  digest = "1:5d5ea0c53c32b0465b910eb1d98b045c2f14c416880c54dd5356a1c6b4569041"
  name = "github.com/xi2/xz"
  packages = ["."]
  pruneopts = ""
  revision = "48954b6210f8d154cb5f8484d3a3e1f83489309e"

[[projects]]
  branch = "master"
  digest = "1:e8dcab1991c5afb5f4cf88ebfbe7edc85407cc3c3a0768e705e10158b2036963"
  name = "golang.org/x/net"
  packages = [
    "context",
    "http/httpguts",
    "http2",
    "http2/hpack",
    "idna",
    "internal/socks",
    "proxy",
  ]
  pruneopts = ""
  revision = "d28f0bde5980168871434b95cfc858db9f2a7a99"

[[projects]]
  branch = "master"
  digest = "1:794f69a2bed5661c1bc3a290f0f69583b0697d48b32e98cc831da6d38aa88847"
  name = "golang.org/x/sys"
  packages = [
    "unix",
    "windows",
  ]
  pruneopts = ""
  revision = "516e3c20635fbe39539f7ed361a15c51fec29cd8"

[[projects]]
  digest = "1:740b51a55815493a8d0f2b1e0d0ae48fe48953bf7eaf3fcc4198823bf67768c0"
  name = "golang.org/x/text"
  packages = [
    "collate",
    "collate/build",
    "internal/colltab",
    "internal/gen",
    "internal/language",
    "internal/language/compact",
    "internal/tag",
    "internal/triegen",
    "internal/ucd",
    "language",
    "secure/bidirule",
    "transform",
    "unicode/bidi",
    "unicode/cldr",
    "unicode/norm",
    "unicode/rangetable",
  ]
  pruneopts = ""
  revision = "342b2e1fbaa52c93f31447ad2c6abc048c63e475"
  version = "v0.3.2"

[[projects]]
  digest = "1:ab9547706f32a7535bb4f25d6b58ad00436630593cd3e3ed4602f1613ed84783"
  name = "gopkg.in/yaml.v2"
  packages = ["."]
  pruneopts = ""
  revision = "f221b8435cfb71e54062f6c6e99e9ade30b124d5"
  version = "v2.2.4"

[[projects]]
  digest = "1:c2944ab044242534ad7c4b20de548b1df8a6e06ad739ab53b01042a59c4b6991"
  name = "k8s.io/client-go"
  packages = ["util/homedir"]
  pruneopts = ""
  revision = "6ee68ca5fd8355d024d02f9db0b3b667e8357a0f"
  version = "v11.0.0"

[solve-meta]
  analyzer-name = "dep"
  analyzer-version = 1
  input-imports = [
    "github.com/aws/aws-sdk-go/aws",
    "github.com/aws/aws-sdk-go/aws/request",
    "github.com/aws/aws-sdk-go/aws/session",
    "github.com/aws/aws-sdk-go/service/lambda",
    "github.com/aws/aws-sdk-go/service/lambda/lambdaiface",
    "github.com/containers/image/docker/reference",
    "github.com/containers/image/image",
    "github.com/containers/image/pkg/blobinfocache",
    "github.com/containers/image/transports/alltransports",
    "github.com/containers/image/types",
    "github.com/golang/mock/gomock",
    "github.com/mattn/go-zglob",
    "github.com/mholt/archiver",
    "github.com/opencontainers/go-digest",
    "github.com/opencontainers/image-spec/specs-go/v1",
    "github.com/pkg/errors",
    "github.com/stretchr/testify/assert",
    "github.com/urfave/cli",
    "gopkg.in/yaml.v2",
  ]
  solver-name = "gps-cdcl"
  solver-version = 1
